
Microsoft Visual Studio Solution File, Format Version 12.00
# Visual Studio Version 17
VisualStudioVersion = 17.0.31710.8
MinimumVisualStudioVersion = 10.0.40219.1
Project("{FAE04EC0-301F-11D3-BF4B-00C04F79EFBC}") = "PlayerLogViewer", "PlayerLogViewer\PlayerLogViewer.csproj", "{19A51FC5-E10E-4CC5-85AB-82D9A203F55A}"
EndProject
Global
	GlobalSection(SolutionConfigurationPlatforms) = preSolution
		Debug|Any CPU = Debug|Any CPU
		Release|Any CPU = Release|Any CPU
	EndGlobalSection
	GlobalSection(ProjectConfigurationPlatforms) = postSolution
		{19A51FC5-E10E-4CC5-85AB-82D9A203F55A}.Debug|Any CPU.ActiveCfg = Debug|Any CPU
		{19A51FC5-E10E-4CC5-85AB-82D9A203F55A}.Debug|Any CPU.Build.0 = Debug|Any CPU
		{19A51FC5-E10E-4CC5-85AB-82D9A203F55A}.Release|Any CPU.ActiveCfg = Release|Any CPU
		{19A51FC5-E10E-4CC5-85AB-82D9A203F55A}.Release|Any CPU.Build.0 = Release|Any CPU
	EndGlobalSection
	GlobalSection(SolutionProperties) = preSolution
		HideSolutionNode = FALSE
	EndGlobalSection
	GlobalSection(ExtensibilityGlobals) = postSolution
		SolutionGuid = {7C718B0E-BD24-408B-9F43-56BCF124419A}
	EndGlobalSection
EndGlobal
